{
  "name": "leaflet.markercluster.list.demo",
  "version": "1.0.0",
  "lockfileVersion": 3,
  "requires": true,
  "packages": {
    "": {
      "name": "leaflet.markercluster.list.demo",
      "version": "1.0.0",
      "license": "ISC",
      "dependencies": {
        "jquery": "^3.4.1",
        "leaflet": "^1.9.4",
        "leaflet.markercluster": "^1.5.3",
        "leaflet.markercluster.placementstrategies": "^0.1.8"
      }
    },
    "node_modules/jquery": {
      "version": "3.5.0",
      "resolved": "https://registry.npmjs.org/jquery/-/jquery-3.5.0.tgz",
      "integrity": "sha512-Xb7SVYMvygPxbFMpTFQiHh1J7HClEaThguL15N/Gg37Lri/qKyhRGZYzHRyLH8Stq3Aow0LsHO2O2ci86fCrNQ=="
    },
    "node_modules/leaflet": {
      "version": "1.9.4",
      "resolved": "https://registry.npmjs.org/leaflet/-/leaflet-1.9.4.tgz",
      "integrity": "sha512-nxS1ynzJOmOlHp+iL3FyWqK89GtNL8U8rvlMOsQdTTssxZwCXh8N2NB3GDQOL+YR3XnWyZAxwQixURb+FA74PA==",
      "license": "BSD-2-Clause"
    },
    "node_modules/leaflet.markercluster": {
      "version": "1.5.3",
      "resolved": "https://registry.npmjs.org/leaflet.markercluster/-/leaflet.markercluster-1.5.3.tgz",
      "integrity": "sha512-vPTw/Bndq7eQHjLBVlWpnGeLa3t+3zGiuM7fJwCkiMFq+nmRuG3RI3f7f4N4TDX7T4NpbAXpR2+NTRSEGfCSeA==",
      "license": "MIT",
      "peerDependencies": {
        "leaflet": "^1.3.1"
      }
    },
    "node_modules/leaflet.markercluster.placementstrategies": {
      "version": "0.1.8",
      "resolved": "https://registry.npmjs.org/leaflet.markercluster.placementstrategies/-/leaflet.markercluster.placementstrategies-0.1.8.tgz",
      "integrity": "sha512-xvpeoX3NGgjK5CN7lzkY1uKyOck8zXuBjQJPJbTGorOq8NLrpxO92qLz+hbThCfen6l6ZXS/4ZcaLqJATQz5yA=="
    }
  }
}
